
Microsoft Visual Studio Solution File, Format Version 12.00
# Visual Studio 15
VisualStudioVersion = 15.0.28010.2016
MinimumVisualStudioVersion = 10.0.40219.1
Project("{FAE04EC0-301F-11D3-BF4B-00C04F79EFBC}") = "NinthPerformance", "NinthPerformance\NinthPerformance.csproj", "{117421C9-9C9D-4520-BC72-A05B4B6064F0}"
EndProject
Global
	GlobalSection(SolutionConfigurationPlatforms) = preSolution
		Debug|Any CPU = Debug|Any CPU
		Release|Any CPU = Release|Any CPU
	EndGlobalSection
	GlobalSection(ProjectConfigurationPlatforms) = postSolution
		{117421C9-9C9D-4520-BC72-A05B4B6064F0}.Debug|Any CPU.ActiveCfg = Debug|Any CPU
		{117421C9-9C9D-4520-BC72-A05B4B6064F0}.Debug|Any CPU.Build.0 = Debug|Any CPU
		{117421C9-9C9D-4520-BC72-A05B4B6064F0}.Release|Any CPU.ActiveCfg = Release|Any CPU
		{117421C9-9C9D-4520-BC72-A05B4B6064F0}.Release|Any CPU.Build.0 = Release|Any CPU
	EndGlobalSection
	GlobalSection(SolutionProperties) = preSolution
		HideSolutionNode = FALSE
	EndGlobalSection
	GlobalSection(ExtensibilityGlobals) = postSolution
		SolutionGuid = {09130B37-27B7-4143-85D0-1D3B18A61870}
	EndGlobalSection
EndGlobal
